{
  "pins" : [
    {
      "identity" : "bluejay",
      "kind" : "remoteSourceControl",
      "location" : "https://github.com/harrisonf-ledger/bluejay",
      "state" : {
        "branch" : "multiplatform",
        "revision" : "6d40c52e2d3f5fe7508530adc18e2b9d60f5a950"
      }
    }
  ],
  "version" : 2
}
